
Microsoft Visual Studio Solution File, Format Version 12.00
# Visual Studio Version 17
VisualStudioVersion = 17.8.34316.72
MinimumVisualStudioVersion = 10.0.40219.1
Project("{8BC9CEB8-8B4A-11D0-8D11-00A0C91BC942}") = "Interface", "Interface\Interface.vcxproj", "{2C158AFE-B872-4291-806D-7D19B2523987}"
EndProject
Project("{8BC9CEB8-8B4A-11D0-8D11-00A0C91BC942}") = "Core", "Core\Core.vcxproj", "{F357B8B3-07CA-4993-92DD-035102316626}"
EndProject
Project("{8BC9CEB8-8B4A-11D0-8D11-00A0C91BC942}") = "UnitTests", "UnitTests\UnitTests.vcxproj", "{AE8AB4C5-2DB9-4372-835E-FDD6B4464838}"
EndProject
Project("{8BC9CEB8-8B4A-11D0-8D11-00A0C91BC942}") = "Benchmark", "Benchmark\Benchmark.vcxproj", "{6EAC316D-AFA2-402B-92FE-EC4631EA4AF5}"
EndProject
Global
	GlobalSection(SolutionConfigurationPlatforms) = preSolution
		Debug|x64 = Debug|x64
		Debug|x86 = Debug|x86
		Release|x64 = Release|x64
		Release|x86 = Release|x86
	EndGlobalSection
	GlobalSection(ProjectConfigurationPlatforms) = postSolution
		{2C158AFE-B872-4291-806D-7D19B2523987}.Debug|x64.ActiveCfg = Debug|x64
		{2C158AFE-B872-4291-806D-7D19B2523987}.Debug|x64.Build.0 = Debug|x64
		{2C158AFE-B872-4291-806D-7D19B2523987}.Debug|x86.ActiveCfg = Debug|Win32
		{2C158AFE-B872-4291-806D-7D19B2523987}.Debug|x86.Build.0 = Debug|Win32
		{2C158AFE-B872-4291-806D-7D19B2523987}.Release|x64.ActiveCfg = Release|x64
		{2C158AFE-B872-4291-806D-7D19B2523987}.Release|x64.Build.0 = Release|x64
		{2C158AFE-B872-4291-806D-7D19B2523987}.Release|x86.ActiveCfg = Release|Win32
		{2C158AFE-B872-4291-806D-7D19B2523987}.Release|x86.Build.0 = Release|Win32
		{F357B8B3-07CA-4993-92DD-035102316626}.Debug|x64.ActiveCfg = Debug|x64
		{F357B8B3-07CA-4993-92DD-035102316626}.Debug|x64.Build.0 = Debug|x64
		{F357B8B3-07CA-4993-92DD-035102316626}.Debug|x86.ActiveCfg = Debug|Win32
		{F357B8B3-07CA-4993-92DD-035102316626}.Debug|x86.Build.0 = Debug|Win32
		{F357B8B3-07CA-4993-92DD-035102316626}.Release|x64.ActiveCfg = Release|x64
		{F357B8B3-07CA-4993-92DD-035102316626}.Release|x64.Build.0 = Release|x64
		{F357B8B3-07CA-4993-92DD-035102316626}.Release|x86.ActiveCfg = Release|Win32
		{F357B8B3-07CA-4993-92DD-035102316626}.Release|x86.Build.0 = Release|Win32
		{AE8AB4C5-2DB9-4372-835E-FDD6B4464838}.Debug|x64.ActiveCfg = Debug|x64
		{AE8AB4C5-2DB9-4372-835E-FDD6B4464838}.Debug|x64.Build.0 = Debug|x64
		{AE8AB4C5-2DB9-4372-835E-FDD6B4464838}.Debug|x86.ActiveCfg = Debug|Win32
		{AE8AB4C5-2DB9-4372-835E-FDD6B4464838}.Debug|x86.Build.0 = Debug|Win32
		{AE8AB4C5-2DB9-4372-835E-FDD6B4464838}.Release|x64.ActiveCfg = Release|x64
		{AE8AB4C5-2DB9-4372-835E-FDD6B4464838}.Release|x64.Build.0 = Release|x64
		{AE8AB4C5-2DB9-4372-835E-FDD6B4464838}.Release|x86.ActiveCfg = Release|Win32
		{AE8AB4C5-2DB9-4372-835E-FDD6B4464838}.Release|x86.Build.0 = Release|Win32
		{6EAC316D-AFA2-402B-92FE-EC4631EA4AF5}.Debug|x64.ActiveCfg = Debug|x64
		{6EAC316D-AFA2-402B-92FE-EC4631EA4AF5}.Debug|x64.Build.0 = Debug|x64
		{6EAC316D-AFA2-402B-92FE-EC4631EA4AF5}.Debug|x86.ActiveCfg = Debug|Win32
		{6EAC316D-AFA2-402B-92FE-EC4631EA4AF5}.Debug|x86.Build.0 = Debug|Win32
		{6EAC316D-AFA2-402B-92FE-EC4631EA4AF5}.Release|x64.ActiveCfg = Release|x64
		{6EAC316D-AFA2-402B-92FE-EC4631EA4AF5}.Release|x64.Build.0 = Release|x64
		{6EAC316D-AFA2-402B-92FE-EC4631EA4AF5}.Release|x86.ActiveCfg = Release|Win32
		{6EAC316D-AFA2-402B-92FE-EC4631EA4AF5}.Release|x86.Build.0 = Release|Win32
	EndGlobalSection
	GlobalSection(SolutionProperties) = preSolution
		HideSolutionNode = FALSE
	EndGlobalSection
	GlobalSection(ExtensibilityGlobals) = postSolution
		SolutionGuid = {E374295E-35A5-4351-B2D1-2A6D8EE935A2}
	EndGlobalSection
EndGlobal
