
Microsoft Visual Studio Solution File, Format Version 12.00
# Visual Studio Version 17
VisualStudioVersion = 17.8.34316.72
MinimumVisualStudioVersion = 10.0.40219.1
Project("{8BC9CEB8-8B4A-11D0-8D11-00A0C91BC942}") = "UCI-Interface", "UCI-Interface\UCI-Interface.vcxproj", "{A105938A-2D61-4B82-9E60-B386E146967B}"
EndProject
Project("{8BC9CEB8-8B4A-11D0-8D11-00A0C91BC942}") = "Core", "Core\Core.vcxproj", "{C4F25E0B-DEA1-4E04-B37D-932C3B571439}"
EndProject
Global
	GlobalSection(SolutionConfigurationPlatforms) = preSolution
		Debug|x64 = Debug|x64
		Debug|x86 = Debug|x86
		Release|x64 = Release|x64
		Release|x86 = Release|x86
	EndGlobalSection
	GlobalSection(ProjectConfigurationPlatforms) = postSolution
		{A105938A-2D61-4B82-9E60-B386E146967B}.Debug|x64.ActiveCfg = Debug|x64
		{A105938A-2D61-4B82-9E60-B386E146967B}.Debug|x64.Build.0 = Debug|x64
		{A105938A-2D61-4B82-9E60-B386E146967B}.Debug|x86.ActiveCfg = Debug|Win32
		{A105938A-2D61-4B82-9E60-B386E146967B}.Debug|x86.Build.0 = Debug|Win32
		{A105938A-2D61-4B82-9E60-B386E146967B}.Release|x64.ActiveCfg = Release|x64
		{A105938A-2D61-4B82-9E60-B386E146967B}.Release|x64.Build.0 = Release|x64
		{A105938A-2D61-4B82-9E60-B386E146967B}.Release|x86.ActiveCfg = Release|Win32
		{A105938A-2D61-4B82-9E60-B386E146967B}.Release|x86.Build.0 = Release|Win32
		{C4F25E0B-DEA1-4E04-B37D-932C3B571439}.Debug|x64.ActiveCfg = Debug|x64
		{C4F25E0B-DEA1-4E04-B37D-932C3B571439}.Debug|x64.Build.0 = Debug|x64
		{C4F25E0B-DEA1-4E04-B37D-932C3B571439}.Debug|x86.ActiveCfg = Debug|Win32
		{C4F25E0B-DEA1-4E04-B37D-932C3B571439}.Debug|x86.Build.0 = Debug|Win32
		{C4F25E0B-DEA1-4E04-B37D-932C3B571439}.Release|x64.ActiveCfg = Release|x64
		{C4F25E0B-DEA1-4E04-B37D-932C3B571439}.Release|x64.Build.0 = Release|x64
		{C4F25E0B-DEA1-4E04-B37D-932C3B571439}.Release|x86.ActiveCfg = Release|Win32
		{C4F25E0B-DEA1-4E04-B37D-932C3B571439}.Release|x86.Build.0 = Release|Win32
	EndGlobalSection
	GlobalSection(SolutionProperties) = preSolution
		HideSolutionNode = FALSE
	EndGlobalSection
	GlobalSection(ExtensibilityGlobals) = postSolution
		SolutionGuid = {5CA70734-1A2C-46B9-BBDB-5A8376683888}
	EndGlobalSection
EndGlobal
